{
  "name": "cardmint-operator",
  "version": "1.0.0",
  "lockfileVersion": 3,
  "requires": true,
  "packages": {
    "": {
      "name": "cardmint-operator",
      "version": "1.0.0",
      "dependencies": {
        "@imagekit/react": "^5.0.1",
        "cloudinary": "^2.8.0",
        "typescript": "^5.9.3"
      },
      "devDependencies": {
        "baseline-browser-mapping": "^2.8.32"
      },
      "engines": {
        "node": ">=20",
        "npm": ">=10"
      }
    },
    "node_modules/@imagekit/javascript": {
      "version": "5.1.0",
      "resolved": "https://registry.npmjs.org/@imagekit/javascript/-/javascript-5.1.0.tgz",
      "integrity": "sha512-P12NaxlO6Qu4GROFagX9qgP5kKde236mCu5jJB1cWJ6mPaVdjyk0Mw3ciGIWdKXST/jP1cFqS2ZoBVRSq1SWow=="
    },
    "node_modules/@imagekit/react": {
      "version": "5.0.1",
      "resolved": "https://registry.npmjs.org/@imagekit/react/-/react-5.0.1.tgz",
      "integrity": "sha512-AX1w8ZswnY93QDA/QE1HtoQN2OVc4BsBaxOnL0iZzDnq1xb01Xg2qdLOnIWqMgcK5g/yKxBxZT97hBM2lsmSVQ==",
      "dependencies": {
        "@imagekit/javascript": "^5.1.0"
      },
      "peerDependencies": {
        "react": "^16.13.1 || ^17.0.0 || ^18.0.0 || ^19.0.0",
        "react-dom": "^16.13.1 || ^17.0.0 || ^18.0.0 || ^19.0.0"
      }
    },
    "node_modules/baseline-browser-mapping": {
      "version": "2.8.32",
      "resolved": "https://registry.npmjs.org/baseline-browser-mapping/-/baseline-browser-mapping-2.8.32.tgz",
      "integrity": "sha512-OPz5aBThlyLFgxyhdwf/s2+8ab3OvT7AdTNvKHBwpXomIYeXqpUUuT8LrdtxZSsWJ4R4CU1un4XGh5Ez3nlTpw==",
      "dev": true,
      "bin": {
        "baseline-browser-mapping": "dist/cli.js"
      }
    },
    "node_modules/cloudinary": {
      "version": "2.8.0",
      "resolved": "https://registry.npmjs.org/cloudinary/-/cloudinary-2.8.0.tgz",
      "integrity": "sha512-s7frvR0HnQXeJsQSIsbLa/I09IMb1lOnVLEDH5b5E53WTiCYgrNNOBGV/i/nLHwrcEOUkqjfSwP1+enXWNYmdw==",
      "dependencies": {
        "lodash": "^4.17.21",
        "q": "^1.5.1"
      },
      "engines": {
        "node": ">=9"
      }
    },
    "node_modules/lodash": {
      "version": "4.17.21",
      "resolved": "https://registry.npmjs.org/lodash/-/lodash-4.17.21.tgz",
      "integrity": "sha512-v2kDEe57lecTulaDIuNTPy3Ry4gLGJ6Z1O3vE1krgXZNrsQ+LFTGHVxVjcXPs17LhbZVGedAJv8XZ1tvj5FvSg=="
    },
    "node_modules/q": {
      "version": "1.5.1",
      "resolved": "https://registry.npmjs.org/q/-/q-1.5.1.tgz",
      "integrity": "sha512-kV/CThkXo6xyFEZUugw/+pIOywXcDbFYgSct5cT3gqlbkBE1SJdwy6UQoZvodiWF/ckQLZyDE/Bu1M6gVu5lVw==",
      "deprecated": "You or someone you depend on is using Q, the JavaScript Promise library that gave JavaScript developers strong feelings about promises. They can almost certainly migrate to the native JavaScript promise now. Thank you literally everyone for joining me in this bet against the odds. Be excellent to each other.\n\n(For a CapTP with native promises, see @endo/eventual-send and @endo/captp)",
      "engines": {
        "node": ">=0.6.0",
        "teleport": ">=0.2.0"
      }
    },
    "node_modules/react": {
      "version": "19.2.0",
      "resolved": "https://registry.npmjs.org/react/-/react-19.2.0.tgz",
      "integrity": "sha512-tmbWg6W31tQLeB5cdIBOicJDJRR2KzXsV7uSK9iNfLWQ5bIZfxuPEHp7M8wiHyHnn0DD1i7w3Zmin0FtkrwoCQ==",
      "peer": true,
      "engines": {
        "node": ">=0.10.0"
      }
    },
    "node_modules/react-dom": {
      "version": "19.2.0",
      "resolved": "https://registry.npmjs.org/react-dom/-/react-dom-19.2.0.tgz",
      "integrity": "sha512-UlbRu4cAiGaIewkPyiRGJk0imDN2T3JjieT6spoL2UeSf5od4n5LB/mQ4ejmxhCFT1tYe8IvaFulzynWovsEFQ==",
      "peer": true,
      "dependencies": {
        "scheduler": "^0.27.0"
      },
      "peerDependencies": {
        "react": "^19.2.0"
      }
    },
    "node_modules/scheduler": {
      "version": "0.27.0",
      "resolved": "https://registry.npmjs.org/scheduler/-/scheduler-0.27.0.tgz",
      "integrity": "sha512-eNv+WrVbKu1f3vbYJT/xtiF5syA5HPIMtf9IgY/nKg0sWqzAUEvqY/xm7OcZc/qafLx/iO9FgOmeSAp4v5ti/Q==",
      "peer": true
    },
    "node_modules/typescript": {
      "version": "5.9.3",
      "resolved": "https://registry.npmjs.org/typescript/-/typescript-5.9.3.tgz",
      "integrity": "sha512-jl1vZzPDinLr9eUt3J/t7V6FgNEw9QjvBPdysz9KfQDD41fQrC2Y4vKQdiaUpFT4bXlb1RHhLpp8wtm6M5TgSw==",
      "bin": {
        "tsc": "bin/tsc",
        "tsserver": "bin/tsserver"
      },
      "engines": {
        "node": ">=14.17"
      }
    }
  }
}
